
Microsoft Visual Studio Solution File, Format Version 12.00
# Visual Studio Version 17
VisualStudioVersion = 17.5.33424.131
MinimumVisualStudioVersion = 10.0.40219.1
Project("{FAE04EC0-301F-11D3-BF4B-00C04F79EFBC}") = "Helm", "Helm\Helm.csproj", "{C8B3996C-C236-42D3-A3E1-CA54B58D3DEB}"
EndProject
Global
	GlobalSection(SolutionConfigurationPlatforms) = preSolution
		Debug|Any CPU = Debug|Any CPU
		Release|Any CPU = Release|Any CPU
	EndGlobalSection
	GlobalSection(ProjectConfigurationPlatforms) = postSolution
		{C8B3996C-C236-42D3-A3E1-CA54B58D3DEB}.Debug|Any CPU.ActiveCfg = Debug|Any CPU
		{C8B3996C-C236-42D3-A3E1-CA54B58D3DEB}.Debug|Any CPU.Build.0 = Debug|Any CPU
		{C8B3996C-C236-42D3-A3E1-CA54B58D3DEB}.Release|Any CPU.ActiveCfg = Release|Any CPU
		{C8B3996C-C236-42D3-A3E1-CA54B58D3DEB}.Release|Any CPU.Build.0 = Release|Any CPU
	EndGlobalSection
	GlobalSection(SolutionProperties) = preSolution
		HideSolutionNode = FALSE
	EndGlobalSection
	GlobalSection(ExtensibilityGlobals) = postSolution
		SolutionGuid = {63394EFF-F7CD-41F7-B825-4282B33AA414}
	EndGlobalSection
EndGlobal
